
Microsoft Visual Studio Solution File, Format Version 12.00
# Visual Studio Version 17
VisualStudioVersion = 17.5.002.0
MinimumVisualStudioVersion = 10.0.40219.1
Project("{9A19103F-16F7-4668-BE54-9A1E7A4F7556}") = "ObserverExample", "ObserverExample\ObserverExample.csproj", "{37A6123B-3B98-4D65-BF28-903DCCADC17E}"
EndProject
Global
	GlobalSection(SolutionConfigurationPlatforms) = preSolution
		Debug|Any CPU = Debug|Any CPU
		Release|Any CPU = Release|Any CPU
	EndGlobalSection
	GlobalSection(ProjectConfigurationPlatforms) = postSolution
		{37A6123B-3B98-4D65-BF28-903DCCADC17E}.Debug|Any CPU.ActiveCfg = Debug|Any CPU
		{37A6123B-3B98-4D65-BF28-903DCCADC17E}.Debug|Any CPU.Build.0 = Debug|Any CPU
		{37A6123B-3B98-4D65-BF28-903DCCADC17E}.Release|Any CPU.ActiveCfg = Release|Any CPU
		{37A6123B-3B98-4D65-BF28-903DCCADC17E}.Release|Any CPU.Build.0 = Release|Any CPU
	EndGlobalSection
	GlobalSection(SolutionProperties) = preSolution
		HideSolutionNode = FALSE
	EndGlobalSection
	GlobalSection(ExtensibilityGlobals) = postSolution
		SolutionGuid = {4E5957BD-5A7A-4899-9350-B320991DFEA3}
	EndGlobalSection
EndGlobal
